
Microsoft Visual Studio Solution File, Format Version 12.00
# Visual Studio Version 16
VisualStudioVersion = 16.0.34729.46
MinimumVisualStudioVersion = 10.0.40219.1
Project("{FAE04EC0-301F-11D3-BF4B-00C04F79EFBC}") = "Clase_01", "Clase_01.csproj", "{D9416AAE-0017-48B1-AC76-8A238BA693A5}"
EndProject
Global
	GlobalSection(SolutionConfigurationPlatforms) = preSolution
		Debug|Any CPU = Debug|Any CPU
		Release|Any CPU = Release|Any CPU
	EndGlobalSection
	GlobalSection(ProjectConfigurationPlatforms) = postSolution
		{D9416AAE-0017-48B1-AC76-8A238BA693A5}.Debug|Any CPU.ActiveCfg = Debug|Any CPU
		{D9416AAE-0017-48B1-AC76-8A238BA693A5}.Debug|Any CPU.Build.0 = Debug|Any CPU
		{D9416AAE-0017-48B1-AC76-8A238BA693A5}.Release|Any CPU.ActiveCfg = Release|Any CPU
		{D9416AAE-0017-48B1-AC76-8A238BA693A5}.Release|Any CPU.Build.0 = Release|Any CPU
	EndGlobalSection
	GlobalSection(SolutionProperties) = preSolution
		HideSolutionNode = FALSE
	EndGlobalSection
	GlobalSection(ExtensibilityGlobals) = postSolution
		SolutionGuid = {55B1C330-A37A-47C5-A61C-EAB810121702}
	EndGlobalSection
EndGlobal
